// !$*UTF8*$!
{
	archiveVersion = 1;
	classes = {
	};
	objectVersion = 50;
	objects = {

/* Begin PBXBuildFile section */
		19B66CD13A684F33629BE08B /* Pods_paymentApp.framework in Frameworks */ = {isa = PBXBuildFile; fileRef = 81818F2396F184D63933CC26 /* Pods_paymentApp.framework */; };
		9C319BBC28513CE30021CDD7 /* AppDelegate.swift in Sources */ = {isa = PBXBuildFile; fileRef = 9C319BBB28513CE30021CDD7 /* AppDelegate.swift */; };
		9C319BBE28513CE30021CDD7 /* SceneDelegate.swift in Sources */ = {isa = PBXBuildFile; fileRef = 9C319BBD28513CE30021CDD7 /* SceneDelegate.swift */; };
		9C319BC028513CE30021CDD7 /* ViewController.swift in Sources */ = {isa = PBXBuildFile; fileRef = 9C319BBF28513CE30021CDD7 /* ViewController.swift */; };
		9C319BC328513CE30021CDD7 /* Main.storyboard in Resources */ = {isa = PBXBuildFile; fileRef = 9C319BC128513CE30021CDD7 /* Main.storyboard */; };
		9C319BC528513CE40021CDD7 /* Assets.xcassets in Resources */ = {isa = PBXBuildFile; fileRef = 9C319BC428513CE40021CDD7 /* Assets.xcassets */; };
		9C319BC828513CE40021CDD7 /* LaunchScreen.storyboard in Resources */ = {isa = PBXBuildFile; fileRef = 9C319BC628513CE40021CDD7 /* LaunchScreen.storyboard */; };
/* End PBXBuildFile section */

/* Begin PBXFileReference section */
		0EBD9D732CBBCABE6FB6C543 /* Pods-paymentApp.release.xcconfig */ = {isa = PBXFileReference; includeInIndex = 1; lastKnownFileType = text.xcconfig; name = "Pods-paymentApp.release.xcconfig"; path = "Target Support Files/Pods-paymentApp/Pods-paymentApp.release.xcconfig"; sourceTree = "<group>"; };
		81818F2396F184D63933CC26 /* Pods_paymentApp.framework */ = {isa = PBXFileReference; explicitFileType = wrapper.framework; includeInIndex = 0; path = Pods_paymentApp.framework; sourceTree = BUILT_PRODUCTS_DIR; };
		9C319BB828513CE30021CDD7 /* paymentApp.app */ = {isa = PBXFileReference; explicitFileType = wrapper.application; includeInIndex = 0; path = paymentApp.app; sourceTree = BUILT_PRODUCTS_DIR; };
		9C319BBB28513CE30021CDD7 /* AppDelegate.swift */ = {isa = PBXFileReference; lastKnownFileType = sourcecode.swift; path = AppDelegate.swift; sourceTree = "<group>"; };
		9C319BBD28513CE30021CDD7 /* SceneDelegate.swift */ = {isa = PBXFileReference; lastKnownFileType = sourcecode.swift; path = SceneDelegate.swift; sourceTree = "<group>"; };
		9C319BBF28513CE30021CDD7 /* ViewController.swift */ = {isa = PBXFileReference; lastKnownFileType = sourcecode.swift; path = ViewController.swift; sourceTree = "<group>"; };
		9C319BC228513CE30021CDD7 /* Base */ = {isa = PBXFileReference; lastKnownFileType = file.storyboard; name = Base; path = Base.lproj/Main.storyboard; sourceTree = "<group>"; };
		9C319BC428513CE40021CDD7 /* Assets.xcassets */ = {isa = PBXFileReference; lastKnownFileType = folder.assetcatalog; path = Assets.xcassets; sourceTree = "<group>"; };
		9C319BC728513CE40021CDD7 /* Base */ = {isa = PBXFileReference; lastKnownFileType = file.storyboard; name = Base; path = Base.lproj/LaunchScreen.storyboard; sourceTree = "<group>"; };
		9C319BC928513CE40021CDD7 /* Info.plist */ = {isa = PBXFileReference; lastKnownFileType = text.plist.xml; path = Info.plist; sourceTree = "<group>"; };
		C975A6DAEBA6DD662F8D9244 /* Pods-paymentApp.debug.xcconfig */ = {isa = PBXFileReference; includeInIndex = 1; lastKnownFileType = text.xcconfig; name = "Pods-paymentApp.debug.xcconfig"; path = "Target Support Files/Pods-paymentApp/Pods-paymentApp.debug.xcconfig"; sourceTree = "<group>"; };
/* End PBXFileReference section */

/* Begin PBXFrameworksBuildPhase section */
		9C319BB528513CE30021CDD7 /* Frameworks */ = {
			isa = PBXFrameworksBuildPhase;
			buildActionMask = 2147483647;
			files = (
				19B66CD13A684F33629BE08B /* Pods_paymentApp.framework in Frameworks */,
			);
			runOnlyForDeploymentPostprocessing = 0;
		};
/* End PBXFrameworksBuildPhase section */

/* Begin PBXGroup section */
		93631B3228E0F21845CAAFAF /* Frameworks */ = {
			isa = PBXGroup;
			children = (
				81818F2396F184D63933CC26 /* Pods_paymentApp.framework */,
			);
			name = Frameworks;
			sourceTree = "<group>";
		};
		9C319BAF28513CE30021CDD7 = {
			isa = PBXGroup;
			children = (
				9C319BBA28513CE30021CDD7 /* paymentApp */,
				9C319BB928513CE30021CDD7 /* Products */,
				B19594B87074DD5C2DAD1DBF /* Pods */,
				93631B3228E0F21845CAAFAF /* Frameworks */,
			);
			sourceTree = "<group>";
		};
		9C319BB928513CE30021CDD7 /* Products */ = {
			isa = PBXGroup;
			children = (
				9C319BB828513CE30021CDD7 /* paymentApp.app */,
			);
			name = Products;
			sourceTree = "<group>";
		};
		9C319BBA28513CE30021CDD7 /* paymentApp */ = {
			isa = PBXGroup;
			children = (
				9C319BBB28513CE30021CDD7 /* AppDelegate.swift */,
				9C319BBD28513CE30021CDD7 /* SceneDelegate.swift */,
				9C319BBF28513CE30021CDD7 /* ViewController.swift */,
				9C319BC128513CE30021CDD7 /* Main.storyboard */,
				9C319BC428513CE40021CDD7 /* Assets.xcassets */,
				9C319BC628513CE40021CDD7 /* LaunchScreen.storyboard */,
				9C319BC928513CE40021CDD7 /* Info.plist */,
			);
			path = paymentApp;
			sourceTree = "<group>";
		};
		B19594B87074DD5C2DAD1DBF /* Pods */ = {
			isa = PBXGroup;
			children = (
				C975A6DAEBA6DD662F8D9244 /* Pods-paymentApp.debug.xcconfig */,
				0EBD9D732CBBCABE6FB6C543 /* Pods-paymentApp.release.xcconfig */,
			);
			name = Pods;
			path = Pods;
			sourceTree = "<group>";
		};
/* End PBXGroup section */

/* Begin PBXNativeTarget section */
		9C319BB728513CE30021CDD7 /* paymentApp */ = {
			isa = PBXNativeTarget;
			buildConfigurationList = 9C319BCC28513CE40021CDD7 /* Build configuration list for PBXNativeTarget "paymentApp" */;
			buildPhases = (
				55A7599129588D63359021C0 /* [CP] Check Pods Manifest.lock */,
				9C319BB428513CE30021CDD7 /* Sources */,
				9C319BB528513CE30021CDD7 /* Frameworks */,
				9C319BB628513CE30021CDD7 /* Resources */,
				10008D15B97A03DC13736C6F /* [CP] Embed Pods Frameworks */,
			);
			buildRules = (
			);
			dependencies = (
			);
			name = paymentApp;
			productName = paymentApp;
			productReference = 9C319BB828513CE30021CDD7 /* paymentApp.app */;
			productType = "com.apple.product-type.application";
		};
/* End PBXNativeTarget section */

/* Begin PBXProject section */
		9C319BB028513CE30021CDD7 /* Project object */ = {
			isa = PBXProject;
			attributes = {
				LastSwiftUpdateCheck = 1250;
				LastUpgradeCheck = 1250;
				TargetAttributes = {
					9C319BB728513CE30021CDD7 = {
						CreatedOnToolsVersion = 12.5.1;
					};
				};
			};
			buildConfigurationList = 9C319BB328513CE30021CDD7 /* Build configuration list for PBXProject "paymentApp" */;
			compatibilityVersion = "Xcode 9.3";
			developmentRegion = en;
			hasScannedForEncodings = 0;
			knownRegions = (
				en,
				Base,
			);
			mainGroup = 9C319BAF28513CE30021CDD7;
			productRefGroup = 9C319BB928513CE30021CDD7 /* Products */;
			projectDirPath = "";
			projectRoot = "";
			targets = (
				9C319BB728513CE30021CDD7 /* paymentApp */,
			);
		};
/* End PBXProject section */

/* Begin PBXResourcesBuildPhase section */
		9C319BB628513CE30021CDD7 /* Resources */ = {
			isa = PBXResourcesBuildPhase;
			buildActionMask = 2147483647;
			files = (
				9C319BC828513CE40021CDD7 /* LaunchScreen.storyboard in Resources */,
				9C319BC528513CE40021CDD7 /* Assets.xcassets in Resources */,
				9C319BC328513CE30021CDD7 /* Main.storyboard in Resources */,
			);
			runOnlyForDeploymentPostprocessing = 0;
		};
/* End PBXResourcesBuildPhase section */

/* Begin PBXShellScriptBuildPhase section */
		10008D15B97A03DC13736C6F /* [CP] Embed Pods Frameworks */ = {
			isa = PBXShellScriptBuildPhase;
			buildActionMask = 2147483647;
			files = (
			);
			inputFileListPaths = (
				"${PODS_ROOT}/Target Support Files/Pods-paymentApp/Pods-paymentApp-frameworks-${CONFIGURATION}-input-files.xcfilelist",
			);
			name = "[CP] Embed Pods Frameworks";
			outputFileListPaths = (
				"${PODS_ROOT}/Target Support Files/Pods-paymentApp/Pods-paymentApp-frameworks-${CONFIGURATION}-output-files.xcfilelist",
			);
			runOnlyForDeploymentPostprocessing = 0;
			shellPath = /bin/sh;
			shellScript = "\"${PODS_ROOT}/Target Support Files/Pods-paymentApp/Pods-paymentApp-frameworks.sh\"\n";
			showEnvVarsInLog = 0;
		};
		55A7599129588D63359021C0 /* [CP] Check Pods Manifest.lock */ = {
			isa = PBXShellScriptBuildPhase;
			buildActionMask = 2147483647;
			files = (
			);
			inputFileListPaths = (
			);
			inputPaths = (
				"${PODS_PODFILE_DIR_PATH}/Podfile.lock",
				"${PODS_ROOT}/Manifest.lock",
			);
			name = "[CP] Check Pods Manifest.lock";
			outputFileListPaths = (
			);
			outputPaths = (
				"$(DERIVED_FILE_DIR)/Pods-paymentApp-checkManifestLockResult.txt",
			);
			runOnlyForDeploymentPostprocessing = 0;
			shellPath = /bin/sh;
			shellScript = "diff \"${PODS_PODFILE_DIR_PATH}/Podfile.lock\" \"${PODS_ROOT}/Manifest.lock\" > /dev/null\nif [ $? != 0 ] ; then\n    # print error to STDERR\n    echo \"error: The sandbox is not in sync with the Podfile.lock. Run 'pod install' or update your CocoaPods installation.\" >&2\n    exit 1\nfi\n# This output is used by Xcode 'outputs' to avoid re-running this script phase.\necho \"SUCCESS\" > \"${SCRIPT_OUTPUT_FILE_0}\"\n";
			showEnvVarsInLog = 0;
		};
/* End PBXShellScriptBuildPhase section */

/* Begin PBXSourcesBuildPhase section */
		9C319BB428513CE30021CDD7 /* Sources */ = {
			isa = PBXSourcesBuildPhase;
			buildActionMask = 2147483647;
			files = (
				9C319BC028513CE30021CDD7 /* ViewController.swift in Sources */,
				9C319BBC28513CE30021CDD7 /* AppDelegate.swift in Sources */,
				9C319BBE28513CE30021CDD7 /* SceneDelegate.swift in Sources */,
			);
			runOnlyForDeploymentPostprocessing = 0;
		};
/* End PBXSourcesBuildPhase section */

/* Begin PBXVariantGroup section */
		9C319BC128513CE30021CDD7 /* Main.storyboard */ = {
			isa = PBXVariantGroup;
			children = (
				9C319BC228513CE30021CDD7 /* Base */,
			);
			name = Main.storyboard;
			sourceTree = "<group>";
		};
		9C319BC628513CE40021CDD7 /* LaunchScreen.storyboard */ = {
			isa = PBXVariantGroup;
			children = (
				9C319BC728513CE40021CDD7 /* Base */,
			);
			name = LaunchScreen.storyboard;
			sourceTree = "<group>";
		};
/* End PBXVariantGroup section */

/* Begin XCBuildConfiguration section */
		9C319BCA28513CE40021CDD7 /* Debug */ = {
			isa = XCBuildConfiguration;
			buildSettings = {
				ALWAYS_SEARCH_USER_PATHS = NO;
				CLANG_ANALYZER_NONNULL = YES;
				CLANG_ANALYZER_NUMBER_OBJECT_CONVERSION = YES_AGGRESSIVE;
				CLANG_CXX_LANGUAGE_STANDARD = "gnu++14";
				CLANG_CXX_LIBRARY = "libc++";
				CLANG_ENABLE_MODULES = YES;
				CLANG_ENABLE_OBJC_ARC = YES;
				CLANG_ENABLE_OBJC_WEAK = YES;
				CLANG_WARN_BLOCK_CAPTURE_AUTORELEASING = YES;
				CLANG_WARN_BOOL_CONVERSION = YES;
				CLANG_WARN_COMMA = YES;
				CLANG_WARN_CONSTANT_CONVERSION = YES;
				CLANG_WARN_DEPRECATED_OBJC_IMPLEMENTATIONS = YES;
				CLANG_WARN_DIRECT_OBJC_ISA_USAGE = YES_ERROR;
				CLANG_WARN_DOCUMENTATION_COMMENTS = YES;
				CLANG_WARN_EMPTY_BODY = YES;
				CLANG_WARN_ENUM_CONVERSION = YES;
				CLANG_WARN_INFINITE_RECURSION = YES;
				CLANG_WARN_INT_CONVERSION = YES;
				CLANG_WARN_NON_LITERAL_NULL_CONVERSION = YES;
				CLANG_WARN_OBJC_IMPLICIT_RETAIN_SELF = YES;
				CLANG_WARN_OBJC_LITERAL_CONVERSION = YES;
				CLANG_WARN_OBJC_ROOT_CLASS = YES_ERROR;
				CLANG_WARN_QUOTED_INCLUDE_IN_FRAMEWORK_HEADER = YES;
				CLANG_WARN_RANGE_LOOP_ANALYSIS = YES;
				CLANG_WARN_STRICT_PROTOTYPES = YES;
				CLANG_WARN_SUSPICIOUS_MOVE = YES;
				CLANG_WARN_UNGUARDED_AVAILABILITY = YES_AGGRESSIVE;
				CLANG_WARN_UNREACHABLE_CODE = YES;
				CLANG_WARN__DUPLICATE_METHOD_MATCH = YES;
				COPY_PHASE_STRIP = NO;
				DEBUG_INFORMATION_FORMAT = dwarf;
				ENABLE_STRICT_OBJC_MSGSEND = YES;
				ENABLE_TESTABILITY = YES;
				GCC_C_LANGUAGE_STANDARD = gnu11;
				GCC_DYNAMIC_NO_PIC = NO;
				GCC_NO_COMMON_BLOCKS = YES;
				GCC_OPTIMIZATION_LEVEL = 0;
				GCC_PREPROCESSOR_DEFINITIONS = (
					"DEBUG=1",
					"$(inherited)",
				);
				GCC_WARN_64_TO_32_BIT_CONVERSION = YES;
				GCC_WARN_ABOUT_RETURN_TYPE = YES_ERROR;
				GCC_WARN_UNDECLARED_SELECTOR = YES;
				GCC_WARN_UNINITIALIZED_AUTOS = YES_AGGRESSIVE;
				GCC_WARN_UNUSED_FUNCTION = YES;
				GCC_WARN_UNUSED_VARIABLE = YES;
				IPHONEOS_DEPLOYMENT_TARGET = 14.5;
				MTL_ENABLE_DEBUG_INFO = INCLUDE_SOURCE;
				MTL_FAST_MATH = YES;
				ONLY_ACTIVE_ARCH = YES;
				SDKROOT = iphoneos;
				SWIFT_ACTIVE_COMPILATION_CONDITIONS = DEBUG;
				SWIFT_OPTIMIZATION_LEVEL = "-Onone";
			};
			name = Debug;
		};
		9C319BCB28513CE40021CDD7 /* Release */ = {
			isa = XCBuildConfiguration;
			buildSettings = {
				ALWAYS_SEARCH_USER_PATHS = NO;
				CLANG_ANALYZER_NONNULL = YES;
				CLANG_ANALYZER_NUMBER_OBJECT_CONVERSION = YES_AGGRESSIVE;
				CLANG_CXX_LANGUAGE_STANDARD = "gnu++14";
				CLANG_CXX_LIBRARY = "libc++";
				CLANG_ENABLE_MODULES = YES;
				CLANG_ENABLE_OBJC_ARC = YES;
				CLANG_ENABLE_OBJC_WEAK = YES;
				CLANG_WARN_BLOCK_CAPTURE_AUTORELEASING = YES;
				CLANG_WARN_BOOL_CONVERSION = YES;
				CLANG_WARN_COMMA = YES;
				CLANG_WARN_CONSTANT_CONVERSION = YES;
				CLANG_WARN_DEPRECATED_OBJC_IMPLEMENTATIONS = YES;
				CLANG_WARN_DIRECT_OBJC_ISA_USAGE = YES_ERROR;
				CLANG_WARN_DOCUMENTATION_COMMENTS = YES;
				CLANG_WARN_EMPTY_BODY = YES;
				CLANG_WARN_ENUM_CONVERSION = YES;
				CLANG_WARN_INFINITE_RECURSION = YES;
				CLANG_WARN_INT_CONVERSION = YES;
				CLANG_WARN_NON_LITERAL_NULL_CONVERSION = YES;
				CLANG_WARN_OBJC_IMPLICIT_RETAIN_SELF = YES;
				CLANG_WARN_OBJC_LITERAL_CONVERSION = YES;
				CLANG_WARN_OBJC_ROOT_CLASS = YES_ERROR;
				CLANG_WARN_QUOTED_INCLUDE_IN_FRAMEWORK_HEADER = YES;
				CLANG_WARN_RANGE_LOOP_ANALYSIS = YES;
				CLANG_WARN_STRICT_PROTOTYPES = YES;
				CLANG_WARN_SUSPICIOUS_MOVE = YES;
				CLANG_WARN_UNGUARDED_AVAILABILITY = YES_AGGRESSIVE;
				CLANG_WARN_UNREACHABLE_CODE = YES;
				CLANG_WARN__DUPLICATE_METHOD_MATCH = YES;
				COPY_PHASE_STRIP = NO;
				DEBUG_INFORMATION_FORMAT = "dwarf-with-dsym";
				ENABLE_NS_ASSERTIONS = NO;
				ENABLE_STRICT_OBJC_MSGSEND = YES;
				GCC_C_LANGUAGE_STANDARD = gnu11;
				GCC_NO_COMMON_BLOCKS = YES;
				GCC_WARN_64_TO_32_BIT_CONVERSION = YES;
				GCC_WARN_ABOUT_RETURN_TYPE = YES_ERROR;
				GCC_WARN_UNDECLARED_SELECTOR = YES;
				GCC_WARN_UNINITIALIZED_AUTOS = YES_AGGRESSIVE;
				GCC_WARN_UNUSED_FUNCTION = YES;
				GCC_WARN_UNUSED_VARIABLE = YES;
				IPHONEOS_DEPLOYMENT_TARGET = 14.5;
				MTL_ENABLE_DEBUG_INFO = NO;
				MTL_FAST_MATH = YES;
				SDKROOT = iphoneos;
				SWIFT_COMPILATION_MODE = wholemodule;
				SWIFT_OPTIMIZATION_LEVEL = "-O";
				VALIDATE_PRODUCT = YES;
			};
			name = Release;
		};
		9C319BCD28513CE40021CDD7 /* Debug */ = {
			isa = XCBuildConfiguration;
			baseConfigurationReference = C975A6DAEBA6DD662F8D9244 /* Pods-paymentApp.debug.xcconfig */;
			buildSettings = {
				ASSETCATALOG_COMPILER_APPICON_NAME = AppIcon;
				ASSETCATALOG_COMPILER_GLOBAL_ACCENT_COLOR_NAME = AccentColor;
				CODE_SIGN_STYLE = Automatic;
				INFOPLIST_FILE = paymentApp/Info.plist;
				LD_RUNPATH_SEARCH_PATHS = (
					"$(inherited)",
					"@executable_path/Frameworks",
				);
				PRODUCT_BUNDLE_IDENTIFIER = diagnostic.paymentApp;
				PRODUCT_NAME = "$(TARGET_NAME)";
				SWIFT_VERSION = 5.0;
				TARGETED_DEVICE_FAMILY = "1,2";
			};
			name = Debug;
		};
		9C319BCE28513CE40021CDD7 /* Release */ = {
			isa = XCBuildConfiguration;
			baseConfigurationReference = 0EBD9D732CBBCABE6FB6C543 /* Pods-paymentApp.release.xcconfig */;
			buildSettings = {
				ASSETCATALOG_COMPILER_APPICON_NAME = AppIcon;
				ASSETCATALOG_COMPILER_GLOBAL_ACCENT_COLOR_NAME = AccentColor;
				CODE_SIGN_STYLE = Automatic;
				INFOPLIST_FILE = paymentApp/Info.plist;
				LD_RUNPATH_SEARCH_PATHS = (
					"$(inherited)",
					"@executable_path/Frameworks",
				);
				PRODUCT_BUNDLE_IDENTIFIER = diagnostic.paymentApp;
				PRODUCT_NAME = "$(TARGET_NAME)";
				SWIFT_VERSION = 5.0;
				TARGETED_DEVICE_FAMILY = "1,2";
			};
			name = Release;
		};
/* End XCBuildConfiguration section */

/* Begin XCConfigurationList section */
		9C319BB328513CE30021CDD7 /* Build configuration list for PBXProject "paymentApp" */ = {
			isa = XCConfigurationList;
			buildConfigurations = (
				9C319BCA28513CE40021CDD7 /* Debug */,
				9C319BCB28513CE40021CDD7 /* Release */,
			);
			defaultConfigurationIsVisible = 0;
			defaultConfigurationName = Release;
		};
		9C319BCC28513CE40021CDD7 /* Build configuration list for PBXNativeTarget "paymentApp" */ = {
			isa = XCConfigurationList;
			buildConfigurations = (
				9C319BCD28513CE40021CDD7 /* Debug */,
				9C319BCE28513CE40021CDD7 /* Release */,
			);
			defaultConfigurationIsVisible = 0;
			defaultConfigurationName = Release;
		};
/* End XCConfigurationList section */
	};
	rootObject = 9C319BB028513CE30021CDD7 /* Project object */;
}
